
Microsoft Visual Studio Solution File, Format Version 12.00
# Visual Studio Version 16
VisualStudioVersion = 16.0.30907.101
MinimumVisualStudioVersion = 10.0.40219.1
Project("{FAE04EC0-301F-11D3-BF4B-00C04F79EFBC}") = "Org.CalculoCDB.Domain", "Org.CalculoCDB.Domain\Org.CalculoCDB.Domain.csproj", "{CEBEB6A4-392C-4FA6-B23F-F09F7C85BACB}"
EndProject
Project("{FAE04EC0-301F-11D3-BF4B-00C04F79EFBC}") = "Org.CalculoCDB.Application", "Org.CalculoCDB.Application\Org.CalculoCDB.Application.csproj", "{B0CD32F2-E295-4EE8-9C23-35A0B4D6D0E2}"
EndProject
Project("{FAE04EC0-301F-11D3-BF4B-00C04F79EFBC}") = "Org.CalculoCDB.Application.Test", "Org.CalculoCDB.Application.Test\Org.CalculoCDB.Application.Test.csproj", "{4E01D487-623D-4ECA-8DAA-BF74B8571F38}"
EndProject
Project("{2150E333-8FDC-42A3-9474-1A3956D46DE8}") = "Core", "Core", "{95A946DF-C959-4AF0-AE2B-0C4AECB13EFA}"
EndProject
Project("{2150E333-8FDC-42A3-9474-1A3956D46DE8}") = "Presentation", "Presentation", "{B0F28CA5-DDB8-4C01-B1A4-9E353CDBC28C}"
EndProject
Project("{FAE04EC0-301F-11D3-BF4B-00C04F79EFBC}") = "Org.CalculoCDB.Api", "Org.CalculoCDB.Api\Org.CalculoCDB.Api.csproj", "{6AFA6A6A-CFCC-438A-931B-E4D1E6E941E5}"
EndProject
Global
	GlobalSection(SolutionConfigurationPlatforms) = preSolution
		Debug|Any CPU = Debug|Any CPU
		Release|Any CPU = Release|Any CPU
	EndGlobalSection
	GlobalSection(ProjectConfigurationPlatforms) = postSolution
		{CEBEB6A4-392C-4FA6-B23F-F09F7C85BACB}.Debug|Any CPU.ActiveCfg = Debug|Any CPU
		{CEBEB6A4-392C-4FA6-B23F-F09F7C85BACB}.Debug|Any CPU.Build.0 = Debug|Any CPU
		{CEBEB6A4-392C-4FA6-B23F-F09F7C85BACB}.Release|Any CPU.ActiveCfg = Release|Any CPU
		{CEBEB6A4-392C-4FA6-B23F-F09F7C85BACB}.Release|Any CPU.Build.0 = Release|Any CPU
		{B0CD32F2-E295-4EE8-9C23-35A0B4D6D0E2}.Debug|Any CPU.ActiveCfg = Debug|Any CPU
		{B0CD32F2-E295-4EE8-9C23-35A0B4D6D0E2}.Debug|Any CPU.Build.0 = Debug|Any CPU
		{B0CD32F2-E295-4EE8-9C23-35A0B4D6D0E2}.Release|Any CPU.ActiveCfg = Release|Any CPU
		{B0CD32F2-E295-4EE8-9C23-35A0B4D6D0E2}.Release|Any CPU.Build.0 = Release|Any CPU
		{4E01D487-623D-4ECA-8DAA-BF74B8571F38}.Debug|Any CPU.ActiveCfg = Debug|Any CPU
		{4E01D487-623D-4ECA-8DAA-BF74B8571F38}.Debug|Any CPU.Build.0 = Debug|Any CPU
		{4E01D487-623D-4ECA-8DAA-BF74B8571F38}.Release|Any CPU.ActiveCfg = Release|Any CPU
		{4E01D487-623D-4ECA-8DAA-BF74B8571F38}.Release|Any CPU.Build.0 = Release|Any CPU
		{6AFA6A6A-CFCC-438A-931B-E4D1E6E941E5}.Debug|Any CPU.ActiveCfg = Debug|Any CPU
		{6AFA6A6A-CFCC-438A-931B-E4D1E6E941E5}.Debug|Any CPU.Build.0 = Debug|Any CPU
		{6AFA6A6A-CFCC-438A-931B-E4D1E6E941E5}.Release|Any CPU.ActiveCfg = Release|Any CPU
		{6AFA6A6A-CFCC-438A-931B-E4D1E6E941E5}.Release|Any CPU.Build.0 = Release|Any CPU
	EndGlobalSection
	GlobalSection(SolutionProperties) = preSolution
		HideSolutionNode = FALSE
	EndGlobalSection
	GlobalSection(NestedProjects) = preSolution
		{CEBEB6A4-392C-4FA6-B23F-F09F7C85BACB} = {95A946DF-C959-4AF0-AE2B-0C4AECB13EFA}
		{B0CD32F2-E295-4EE8-9C23-35A0B4D6D0E2} = {95A946DF-C959-4AF0-AE2B-0C4AECB13EFA}
		{4E01D487-623D-4ECA-8DAA-BF74B8571F38} = {95A946DF-C959-4AF0-AE2B-0C4AECB13EFA}
		{6AFA6A6A-CFCC-438A-931B-E4D1E6E941E5} = {B0F28CA5-DDB8-4C01-B1A4-9E353CDBC28C}
	EndGlobalSection
	GlobalSection(ExtensibilityGlobals) = postSolution
		SolutionGuid = {16A21FE9-B53E-4639-A6E9-85F6C3438DF6}
	EndGlobalSection
EndGlobal
